
Microsoft Visual Studio Solution File, Format Version 12.00
# Visual Studio Version 17
VisualStudioVersion = 17.14.36121.58
MinimumVisualStudioVersion = 10.0.40219.1
Project("{FAE04EC0-301F-11D3-BF4B-00C04F79EFBC}") = "IPB2.EmployeeLeaveMS.WebApi", "IPB2.EmployeeLeaveMS.WebApi\IPB2.EmployeeLeaveMS.WebApi.csproj", "{4ED027A6-DA69-48E5-96E0-78730B8989B9}"
EndProject
Project("{FAE04EC0-301F-11D3-BF4B-00C04F79EFBC}") = "IPB2.EmployeeLeaveMS.Database", "IPB2.EmployeeLeaveMS.Database\IPB2.EmployeeLeaveMS.Database.csproj", "{DD123DAC-97F2-42CA-912E-2F768F95F6CD}"
EndProject
Project("{FAE04EC0-301F-11D3-BF4B-00C04F79EFBC}") = "IPB2.EmployeeLeaveMS.MinimalApi", "IPB2.EmployeeLeaveMS.MinimalApi\IPB2.EmployeeLeaveMS.MinimalApi.csproj", "{B32D7F0D-EFCB-46CE-9F55-1EB062E3A91A}"
EndProject
Global
	GlobalSection(SolutionConfigurationPlatforms) = preSolution
		Debug|Any CPU = Debug|Any CPU
		Release|Any CPU = Release|Any CPU
	EndGlobalSection
	GlobalSection(ProjectConfigurationPlatforms) = postSolution
		{4ED027A6-DA69-48E5-96E0-78730B8989B9}.Debug|Any CPU.ActiveCfg = Debug|Any CPU
		{4ED027A6-DA69-48E5-96E0-78730B8989B9}.Debug|Any CPU.Build.0 = Debug|Any CPU
		{4ED027A6-DA69-48E5-96E0-78730B8989B9}.Release|Any CPU.ActiveCfg = Release|Any CPU
		{4ED027A6-DA69-48E5-96E0-78730B8989B9}.Release|Any CPU.Build.0 = Release|Any CPU
		{DD123DAC-97F2-42CA-912E-2F768F95F6CD}.Debug|Any CPU.ActiveCfg = Debug|Any CPU
		{DD123DAC-97F2-42CA-912E-2F768F95F6CD}.Debug|Any CPU.Build.0 = Debug|Any CPU
		{DD123DAC-97F2-42CA-912E-2F768F95F6CD}.Release|Any CPU.ActiveCfg = Release|Any CPU
		{DD123DAC-97F2-42CA-912E-2F768F95F6CD}.Release|Any CPU.Build.0 = Release|Any CPU
		{B32D7F0D-EFCB-46CE-9F55-1EB062E3A91A}.Debug|Any CPU.ActiveCfg = Debug|Any CPU
		{B32D7F0D-EFCB-46CE-9F55-1EB062E3A91A}.Debug|Any CPU.Build.0 = Debug|Any CPU
		{B32D7F0D-EFCB-46CE-9F55-1EB062E3A91A}.Release|Any CPU.ActiveCfg = Release|Any CPU
		{B32D7F0D-EFCB-46CE-9F55-1EB062E3A91A}.Release|Any CPU.Build.0 = Release|Any CPU
	EndGlobalSection
	GlobalSection(SolutionProperties) = preSolution
		HideSolutionNode = FALSE
	EndGlobalSection
	GlobalSection(ExtensibilityGlobals) = postSolution
		SolutionGuid = {33B646D1-FA94-4737-B3E0-29084CA3517C}
	EndGlobalSection
EndGlobal
